// !$*UTF8*$!
{
	archiveVersion = 1;
	classes = {
	};
	objectVersion = 50;
	objects = {

/* Begin PBXBuildFile section */
		07249958AD062EBCF4DEA6EE /* Pods_SenselySDKSample.framework in Frameworks */ = {isa = PBXBuildFile; fileRef = C98C20A3D876D57C36713D82 /* Pods_SenselySDKSample.framework */; };
		5848C05620C5834F002EDAC8 /* ConsumerScreen.swift in Sources */ = {isa = PBXBuildFile; fileRef = 5848C05520C5834F002EDAC8 /* ConsumerScreen.swift */; };
		5882A6DF20AEACC10024B93E /* AppDelegate.swift in Sources */ = {isa = PBXBuildFile; fileRef = 5882A6DE20AEACC10024B93E /* AppDelegate.swift */; };
		5882A6E120AEACC10024B93E /* ViewController.swift in Sources */ = {isa = PBXBuildFile; fileRef = 5882A6E020AEACC10024B93E /* ViewController.swift */; };
		5882A6E420AEACC10024B93E /* Main.storyboard in Resources */ = {isa = PBXBuildFile; fileRef = 5882A6E220AEACC10024B93E /* Main.storyboard */; };
		5882A6E620AEACC30024B93E /* Assets.xcassets in Resources */ = {isa = PBXBuildFile; fileRef = 5882A6E520AEACC30024B93E /* Assets.xcassets */; };
		5882A6E920AEACC30024B93E /* LaunchScreen.storyboard in Resources */ = {isa = PBXBuildFile; fileRef = 5882A6E720AEACC30024B93E /* LaunchScreen.storyboard */; };
		58A8DD9F20C7F0F700142A61 /* appointments_data.json in Resources */ = {isa = PBXBuildFile; fileRef = 58A8DD9E20C7F0F700142A61 /* appointments_data.json */; };
/* End PBXBuildFile section */

/* Begin PBXFileReference section */
		4D37F7F0E6E7BE95F7F430FB /* Pods-SenselySDKSample.release.xcconfig */ = {isa = PBXFileReference; includeInIndex = 1; lastKnownFileType = text.xcconfig; name = "Pods-SenselySDKSample.release.xcconfig"; path = "Pods/Target Support Files/Pods-SenselySDKSample/Pods-SenselySDKSample.release.xcconfig"; sourceTree = "<group>"; };
		5848C05520C5834F002EDAC8 /* ConsumerScreen.swift */ = {isa = PBXFileReference; fileEncoding = 4; lastKnownFileType = sourcecode.swift; path = ConsumerScreen.swift; sourceTree = "<group>"; };
		5882A6DB20AEACC10024B93E /* SenselySDKSample.app */ = {isa = PBXFileReference; explicitFileType = wrapper.application; includeInIndex = 0; path = SenselySDKSample.app; sourceTree = BUILT_PRODUCTS_DIR; };
		5882A6DE20AEACC10024B93E /* AppDelegate.swift */ = {isa = PBXFileReference; lastKnownFileType = sourcecode.swift; path = AppDelegate.swift; sourceTree = "<group>"; };
		5882A6E020AEACC10024B93E /* ViewController.swift */ = {isa = PBXFileReference; lastKnownFileType = sourcecode.swift; path = ViewController.swift; sourceTree = "<group>"; };
		5882A6E320AEACC10024B93E /* Base */ = {isa = PBXFileReference; lastKnownFileType = file.storyboard; name = Base; path = Base.lproj/Main.storyboard; sourceTree = "<group>"; };
		5882A6E520AEACC30024B93E /* Assets.xcassets */ = {isa = PBXFileReference; lastKnownFileType = folder.assetcatalog; path = Assets.xcassets; sourceTree = "<group>"; };
		5882A6E820AEACC30024B93E /* Base */ = {isa = PBXFileReference; lastKnownFileType = file.storyboard; name = Base; path = Base.lproj/LaunchScreen.storyboard; sourceTree = "<group>"; };
		5882A6EA20AEACC30024B93E /* Info.plist */ = {isa = PBXFileReference; lastKnownFileType = text.plist.xml; path = Info.plist; sourceTree = "<group>"; };
		58A8DD9E20C7F0F700142A61 /* appointments_data.json */ = {isa = PBXFileReference; fileEncoding = 4; lastKnownFileType = text.json; path = appointments_data.json; sourceTree = "<group>"; };
		766854F65EA5194219D38CD3 /* Pods-SenselySDKSample.debug.xcconfig */ = {isa = PBXFileReference; includeInIndex = 1; lastKnownFileType = text.xcconfig; name = "Pods-SenselySDKSample.debug.xcconfig"; path = "Pods/Target Support Files/Pods-SenselySDKSample/Pods-SenselySDKSample.debug.xcconfig"; sourceTree = "<group>"; };
		C98C20A3D876D57C36713D82 /* Pods_SenselySDKSample.framework */ = {isa = PBXFileReference; explicitFileType = wrapper.framework; includeInIndex = 0; path = Pods_SenselySDKSample.framework; sourceTree = BUILT_PRODUCTS_DIR; };
/* End PBXFileReference section */

/* Begin PBXFrameworksBuildPhase section */
		5882A6D820AEACC10024B93E /* Frameworks */ = {
			isa = PBXFrameworksBuildPhase;
			buildActionMask = 2147483647;
			files = (
				07249958AD062EBCF4DEA6EE /* Pods_SenselySDKSample.framework in Frameworks */,
			);
			runOnlyForDeploymentPostprocessing = 0;
		};
/* End PBXFrameworksBuildPhase section */

/* Begin PBXGroup section */
		007CFF3F1E08F67F4C53E3C4 /* Pods */ = {
			isa = PBXGroup;
			children = (
				766854F65EA5194219D38CD3 /* Pods-SenselySDKSample.debug.xcconfig */,
				4D37F7F0E6E7BE95F7F430FB /* Pods-SenselySDKSample.release.xcconfig */,
			);
			name = Pods;
			sourceTree = "<group>";
		};
		29D1BC97E15D2DBCFF883CF5 /* Frameworks */ = {
			isa = PBXGroup;
			children = (
				C98C20A3D876D57C36713D82 /* Pods_SenselySDKSample.framework */,
			);
			name = Frameworks;
			sourceTree = "<group>";
		};
		5882A6D220AEACC10024B93E = {
			isa = PBXGroup;
			children = (
				58A8DD9D20C7F00D00142A61 /* Support files */,
				5882A6DD20AEACC10024B93E /* SenselySDKSample */,
				5882A6DC20AEACC10024B93E /* Products */,
				007CFF3F1E08F67F4C53E3C4 /* Pods */,
				29D1BC97E15D2DBCFF883CF5 /* Frameworks */,
			);
			sourceTree = "<group>";
		};
		5882A6DC20AEACC10024B93E /* Products */ = {
			isa = PBXGroup;
			children = (
				5882A6DB20AEACC10024B93E /* SenselySDKSample.app */,
			);
			name = Products;
			sourceTree = "<group>";
		};
		5882A6DD20AEACC10024B93E /* SenselySDKSample */ = {
			isa = PBXGroup;
			children = (
				5848C05520C5834F002EDAC8 /* ConsumerScreen.swift */,
				5882A6DE20AEACC10024B93E /* AppDelegate.swift */,
				5882A6E020AEACC10024B93E /* ViewController.swift */,
				5882A6E220AEACC10024B93E /* Main.storyboard */,
				5882A6E520AEACC30024B93E /* Assets.xcassets */,
				5882A6E720AEACC30024B93E /* LaunchScreen.storyboard */,
				5882A6EA20AEACC30024B93E /* Info.plist */,
			);
			path = SenselySDKSample;
			sourceTree = "<group>";
		};
		58A8DD9D20C7F00D00142A61 /* Support files */ = {
			isa = PBXGroup;
			children = (
				58A8DD9E20C7F0F700142A61 /* appointments_data.json */,
			);
			path = "Support files";
			sourceTree = "<group>";
		};
/* End PBXGroup section */

/* Begin PBXNativeTarget section */
		5882A6DA20AEACC10024B93E /* SenselySDKSample */ = {
			isa = PBXNativeTarget;
			buildConfigurationList = 5882A6ED20AEACC30024B93E /* Build configuration list for PBXNativeTarget "SenselySDKSample" */;
			buildPhases = (
				F08FD66054DA8DBC7EE1FC62 /* [CP] Check Pods Manifest.lock */,
				5882A6D720AEACC10024B93E /* Sources */,
				5882A6D820AEACC10024B93E /* Frameworks */,
				5882A6D920AEACC10024B93E /* Resources */,
				20399A107A6A8E33D7C4A0EB /* [CP] Embed Pods Frameworks */,
			);
			buildRules = (
			);
			dependencies = (
			);
			name = SenselySDKSample;
			productName = CarevoiceSample;
			productReference = 5882A6DB20AEACC10024B93E /* SenselySDKSample.app */;
			productType = "com.apple.product-type.application";
		};
/* End PBXNativeTarget section */

/* Begin PBXProject section */
		5882A6D320AEACC10024B93E /* Project object */ = {
			isa = PBXProject;
			attributes = {
				LastSwiftUpdateCheck = 0930;
				LastUpgradeCheck = 0930;
				ORGANIZATIONNAME = Sense.ly;
				TargetAttributes = {
					5882A6DA20AEACC10024B93E = {
						CreatedOnToolsVersion = 9.3.1;
					};
				};
			};
			buildConfigurationList = 5882A6D620AEACC10024B93E /* Build configuration list for PBXProject "SenselySDKSample" */;
			compatibilityVersion = "Xcode 9.3";
			developmentRegion = en;
			hasScannedForEncodings = 0;
			knownRegions = (
				en,
				Base,
			);
			mainGroup = 5882A6D220AEACC10024B93E;
			productRefGroup = 5882A6DC20AEACC10024B93E /* Products */;
			projectDirPath = "";
			projectRoot = "";
			targets = (
				5882A6DA20AEACC10024B93E /* SenselySDKSample */,
			);
		};
/* End PBXProject section */

/* Begin PBXResourcesBuildPhase section */
		5882A6D920AEACC10024B93E /* Resources */ = {
			isa = PBXResourcesBuildPhase;
			buildActionMask = 2147483647;
			files = (
				5882A6E920AEACC30024B93E /* LaunchScreen.storyboard in Resources */,
				58A8DD9F20C7F0F700142A61 /* appointments_data.json in Resources */,
				5882A6E620AEACC30024B93E /* Assets.xcassets in Resources */,
				5882A6E420AEACC10024B93E /* Main.storyboard in Resources */,
			);
			runOnlyForDeploymentPostprocessing = 0;
		};
/* End PBXResourcesBuildPhase section */

/* Begin PBXShellScriptBuildPhase section */
		20399A107A6A8E33D7C4A0EB /* [CP] Embed Pods Frameworks */ = {
			isa = PBXShellScriptBuildPhase;
			buildActionMask = 2147483647;
			files = (
			);
			inputPaths = (
				"${SRCROOT}/Pods/Target Support Files/Pods-SenselySDKSample/Pods-SenselySDKSample-frameworks.sh",
				"${BUILT_PRODUCTS_DIR}/EasyAnimation/EasyAnimation.framework",
				"${BUILT_PRODUCTS_DIR}/KYNavigationProgress/KYNavigationProgress.framework",
				"${BUILT_PRODUCTS_DIR}/MaterialTextField/MaterialTextField.framework",
				"${BUILT_PRODUCTS_DIR}/ReachabilitySwift/Reachability.framework",
				"${PODS_ROOT}/SenselySDK/Chat_sensely.framework",
				"${BUILT_PRODUCTS_DIR}/WebViewJavascriptBridge/WebViewJavascriptBridge.framework",
			);
			name = "[CP] Embed Pods Frameworks";
			outputPaths = (
				"${TARGET_BUILD_DIR}/${FRAMEWORKS_FOLDER_PATH}/EasyAnimation.framework",
				"${TARGET_BUILD_DIR}/${FRAMEWORKS_FOLDER_PATH}/KYNavigationProgress.framework",
				"${TARGET_BUILD_DIR}/${FRAMEWORKS_FOLDER_PATH}/MaterialTextField.framework",
				"${TARGET_BUILD_DIR}/${FRAMEWORKS_FOLDER_PATH}/Reachability.framework",
				"${TARGET_BUILD_DIR}/${FRAMEWORKS_FOLDER_PATH}/Chat_sensely.framework",
				"${TARGET_BUILD_DIR}/${FRAMEWORKS_FOLDER_PATH}/WebViewJavascriptBridge.framework",
			);
			runOnlyForDeploymentPostprocessing = 0;
			shellPath = /bin/sh;
			shellScript = "\"${SRCROOT}/Pods/Target Support Files/Pods-SenselySDKSample/Pods-SenselySDKSample-frameworks.sh\"\n";
			showEnvVarsInLog = 0;
		};
		F08FD66054DA8DBC7EE1FC62 /* [CP] Check Pods Manifest.lock */ = {
			isa = PBXShellScriptBuildPhase;
			buildActionMask = 2147483647;
			files = (
			);
			inputPaths = (
				"${PODS_PODFILE_DIR_PATH}/Podfile.lock",
				"${PODS_ROOT}/Manifest.lock",
			);
			name = "[CP] Check Pods Manifest.lock";
			outputPaths = (
				"$(DERIVED_FILE_DIR)/Pods-SenselySDKSample-checkManifestLockResult.txt",
			);
			runOnlyForDeploymentPostprocessing = 0;
			shellPath = /bin/sh;
			shellScript = "diff \"${PODS_PODFILE_DIR_PATH}/Podfile.lock\" \"${PODS_ROOT}/Manifest.lock\" > /dev/null\nif [ $? != 0 ] ; then\n    # print error to STDERR\n    echo \"error: The sandbox is not in sync with the Podfile.lock. Run 'pod install' or update your CocoaPods installation.\" >&2\n    exit 1\nfi\n# This output is used by Xcode 'outputs' to avoid re-running this script phase.\necho \"SUCCESS\" > \"${SCRIPT_OUTPUT_FILE_0}\"\n";
			showEnvVarsInLog = 0;
		};
/* End PBXShellScriptBuildPhase section */

/* Begin PBXSourcesBuildPhase section */
		5882A6D720AEACC10024B93E /* Sources */ = {
			isa = PBXSourcesBuildPhase;
			buildActionMask = 2147483647;
			files = (
				5882A6E120AEACC10024B93E /* ViewController.swift in Sources */,
				5848C05620C5834F002EDAC8 /* ConsumerScreen.swift in Sources */,
				5882A6DF20AEACC10024B93E /* AppDelegate.swift in Sources */,
			);
			runOnlyForDeploymentPostprocessing = 0;
		};
/* End PBXSourcesBuildPhase section */

/* Begin PBXVariantGroup section */
		5882A6E220AEACC10024B93E /* Main.storyboard */ = {
			isa = PBXVariantGroup;
			children = (
				5882A6E320AEACC10024B93E /* Base */,
			);
			name = Main.storyboard;
			sourceTree = "<group>";
		};
		5882A6E720AEACC30024B93E /* LaunchScreen.storyboard */ = {
			isa = PBXVariantGroup;
			children = (
				5882A6E820AEACC30024B93E /* Base */,
			);
			name = LaunchScreen.storyboard;
			sourceTree = "<group>";
		};
/* End PBXVariantGroup section */

/* Begin XCBuildConfiguration section */
		5882A6EB20AEACC30024B93E /* Debug */ = {
			isa = XCBuildConfiguration;
			buildSettings = {
				ALWAYS_SEARCH_USER_PATHS = NO;
				CLANG_ANALYZER_NONNULL = YES;
				CLANG_ANALYZER_NUMBER_OBJECT_CONVERSION = YES_AGGRESSIVE;
				CLANG_CXX_LANGUAGE_STANDARD = "gnu++14";
				CLANG_CXX_LIBRARY = "libc++";
				CLANG_ENABLE_MODULES = YES;
				CLANG_ENABLE_OBJC_ARC = YES;
				CLANG_ENABLE_OBJC_WEAK = YES;
				CLANG_WARN_BLOCK_CAPTURE_AUTORELEASING = YES;
				CLANG_WARN_BOOL_CONVERSION = YES;
				CLANG_WARN_COMMA = YES;
				CLANG_WARN_CONSTANT_CONVERSION = YES;
				CLANG_WARN_DEPRECATED_OBJC_IMPLEMENTATIONS = YES;
				CLANG_WARN_DIRECT_OBJC_ISA_USAGE = YES_ERROR;
				CLANG_WARN_DOCUMENTATION_COMMENTS = YES;
				CLANG_WARN_EMPTY_BODY = YES;
				CLANG_WARN_ENUM_CONVERSION = YES;
				CLANG_WARN_INFINITE_RECURSION = YES;
				CLANG_WARN_INT_CONVERSION = YES;
				CLANG_WARN_NON_LITERAL_NULL_CONVERSION = YES;
				CLANG_WARN_OBJC_IMPLICIT_RETAIN_SELF = YES;
				CLANG_WARN_OBJC_LITERAL_CONVERSION = YES;
				CLANG_WARN_OBJC_ROOT_CLASS = YES_ERROR;
				CLANG_WARN_RANGE_LOOP_ANALYSIS = YES;
				CLANG_WARN_STRICT_PROTOTYPES = YES;
				CLANG_WARN_SUSPICIOUS_MOVE = YES;
				CLANG_WARN_UNGUARDED_AVAILABILITY = YES_AGGRESSIVE;
				CLANG_WARN_UNREACHABLE_CODE = YES;
				CLANG_WARN__DUPLICATE_METHOD_MATCH = YES;
				CODE_SIGN_IDENTITY = "iPhone Developer";
				COPY_PHASE_STRIP = NO;
				DEBUG_INFORMATION_FORMAT = dwarf;
				ENABLE_STRICT_OBJC_MSGSEND = YES;
				ENABLE_TESTABILITY = YES;
				GCC_C_LANGUAGE_STANDARD = gnu11;
				GCC_DYNAMIC_NO_PIC = NO;
				GCC_NO_COMMON_BLOCKS = YES;
				GCC_OPTIMIZATION_LEVEL = 0;
				GCC_PREPROCESSOR_DEFINITIONS = (
					"DEBUG=1",
					"$(inherited)",
				);
				GCC_WARN_64_TO_32_BIT_CONVERSION = YES;
				GCC_WARN_ABOUT_RETURN_TYPE = YES_ERROR;
				GCC_WARN_UNDECLARED_SELECTOR = YES;
				GCC_WARN_UNINITIALIZED_AUTOS = YES_AGGRESSIVE;
				GCC_WARN_UNUSED_FUNCTION = YES;
				GCC_WARN_UNUSED_VARIABLE = YES;
				IPHONEOS_DEPLOYMENT_TARGET = 11.3;
				MTL_ENABLE_DEBUG_INFO = YES;
				ONLY_ACTIVE_ARCH = YES;
				SDKROOT = iphoneos;
				SWIFT_ACTIVE_COMPILATION_CONDITIONS = DEBUG;
				SWIFT_OPTIMIZATION_LEVEL = "-Onone";
			};
			name = Debug;
		};
		5882A6EC20AEACC30024B93E /* Release */ = {
			isa = XCBuildConfiguration;
			buildSettings = {
				ALWAYS_SEARCH_USER_PATHS = NO;
				CLANG_ANALYZER_NONNULL = YES;
				CLANG_ANALYZER_NUMBER_OBJECT_CONVERSION = YES_AGGRESSIVE;
				CLANG_CXX_LANGUAGE_STANDARD = "gnu++14";
				CLANG_CXX_LIBRARY = "libc++";
				CLANG_ENABLE_MODULES = YES;
				CLANG_ENABLE_OBJC_ARC = YES;
				CLANG_ENABLE_OBJC_WEAK = YES;
				CLANG_WARN_BLOCK_CAPTURE_AUTORELEASING = YES;
				CLANG_WARN_BOOL_CONVERSION = YES;
				CLANG_WARN_COMMA = YES;
				CLANG_WARN_CONSTANT_CONVERSION = YES;
				CLANG_WARN_DEPRECATED_OBJC_IMPLEMENTATIONS = YES;
				CLANG_WARN_DIRECT_OBJC_ISA_USAGE = YES_ERROR;
				CLANG_WARN_DOCUMENTATION_COMMENTS = YES;
				CLANG_WARN_EMPTY_BODY = YES;
				CLANG_WARN_ENUM_CONVERSION = YES;
				CLANG_WARN_INFINITE_RECURSION = YES;
				CLANG_WARN_INT_CONVERSION = YES;
				CLANG_WARN_NON_LITERAL_NULL_CONVERSION = YES;
				CLANG_WARN_OBJC_IMPLICIT_RETAIN_SELF = YES;
				CLANG_WARN_OBJC_LITERAL_CONVERSION = YES;
				CLANG_WARN_OBJC_ROOT_CLASS = YES_ERROR;
				CLANG_WARN_RANGE_LOOP_ANALYSIS = YES;
				CLANG_WARN_STRICT_PROTOTYPES = YES;
				CLANG_WARN_SUSPICIOUS_MOVE = YES;
				CLANG_WARN_UNGUARDED_AVAILABILITY = YES_AGGRESSIVE;
				CLANG_WARN_UNREACHABLE_CODE = YES;
				CLANG_WARN__DUPLICATE_METHOD_MATCH = YES;
				CODE_SIGN_IDENTITY = "iPhone Developer";
				COPY_PHASE_STRIP = NO;
				DEBUG_INFORMATION_FORMAT = "dwarf-with-dsym";
				ENABLE_NS_ASSERTIONS = NO;
				ENABLE_STRICT_OBJC_MSGSEND = YES;
				GCC_C_LANGUAGE_STANDARD = gnu11;
				GCC_NO_COMMON_BLOCKS = YES;
				GCC_WARN_64_TO_32_BIT_CONVERSION = YES;
				GCC_WARN_ABOUT_RETURN_TYPE = YES_ERROR;
				GCC_WARN_UNDECLARED_SELECTOR = YES;
				GCC_WARN_UNINITIALIZED_AUTOS = YES_AGGRESSIVE;
				GCC_WARN_UNUSED_FUNCTION = YES;
				GCC_WARN_UNUSED_VARIABLE = YES;
				IPHONEOS_DEPLOYMENT_TARGET = 11.3;
				MTL_ENABLE_DEBUG_INFO = NO;
				SDKROOT = iphoneos;
				SWIFT_COMPILATION_MODE = wholemodule;
				SWIFT_OPTIMIZATION_LEVEL = "-O";
				VALIDATE_PRODUCT = YES;
			};
			name = Release;
		};
		5882A6EE20AEACC30024B93E /* Debug */ = {
			isa = XCBuildConfiguration;
			baseConfigurationReference = 766854F65EA5194219D38CD3 /* Pods-SenselySDKSample.debug.xcconfig */;
			buildSettings = {
				ASSETCATALOG_COMPILER_APPICON_NAME = AppIcon;
				CODE_SIGN_STYLE = Automatic;
				DEVELOPMENT_TEAM = RXE7329A59;
				ENABLE_BITCODE = NO;
				INFOPLIST_FILE = "$(SRCROOT)/SenselySDKSample/Info.plist";
				LD_RUNPATH_SEARCH_PATHS = (
					"$(inherited)",
					"@executable_path/Frameworks",
				);
				PRODUCT_BUNDLE_IDENTIFIER = com.senselysdk.CarevoiceSample;
				PRODUCT_NAME = "$(TARGET_NAME)";
				SWIFT_VERSION = 4.0;
				TARGETED_DEVICE_FAMILY = "1,2";
			};
			name = Debug;
		};
		5882A6EF20AEACC30024B93E /* Release */ = {
			isa = XCBuildConfiguration;
			baseConfigurationReference = 4D37F7F0E6E7BE95F7F430FB /* Pods-SenselySDKSample.release.xcconfig */;
			buildSettings = {
				ASSETCATALOG_COMPILER_APPICON_NAME = AppIcon;
				CODE_SIGN_STYLE = Automatic;
				DEVELOPMENT_TEAM = RXE7329A59;
				ENABLE_BITCODE = NO;
				INFOPLIST_FILE = "$(SRCROOT)/SenselySDKSample/Info.plist";
				LD_RUNPATH_SEARCH_PATHS = (
					"$(inherited)",
					"@executable_path/Frameworks",
				);
				PRODUCT_BUNDLE_IDENTIFIER = com.senselysdk.CarevoiceSample;
				PRODUCT_NAME = "$(TARGET_NAME)";
				SWIFT_VERSION = 4.0;
				TARGETED_DEVICE_FAMILY = "1,2";
			};
			name = Release;
		};
/* End XCBuildConfiguration section */

/* Begin XCConfigurationList section */
		5882A6D620AEACC10024B93E /* Build configuration list for PBXProject "SenselySDKSample" */ = {
			isa = XCConfigurationList;
			buildConfigurations = (
				5882A6EB20AEACC30024B93E /* Debug */,
				5882A6EC20AEACC30024B93E /* Release */,
			);
			defaultConfigurationIsVisible = 0;
			defaultConfigurationName = Release;
		};
		5882A6ED20AEACC30024B93E /* Build configuration list for PBXNativeTarget "SenselySDKSample" */ = {
			isa = XCConfigurationList;
			buildConfigurations = (
				5882A6EE20AEACC30024B93E /* Debug */,
				5882A6EF20AEACC30024B93E /* Release */,
			);
			defaultConfigurationIsVisible = 0;
			defaultConfigurationName = Release;
		};
/* End XCConfigurationList section */
	};
	rootObject = 5882A6D320AEACC10024B93E /* Project object */;
}
