// !$*UTF8*$!
{
	archiveVersion = 1;
	classes = {
	};
	objectVersion = 54;
	objects = {

/* Begin PBXBuildFile section */
		190AB2DD255B5F720068C1B7 /* LaunchScreen.storyboard in Resources */ = {isa = PBXBuildFile; fileRef = 190AB2D9255B5F710068C1B7 /* LaunchScreen.storyboard */; };
		190AB2DE255B5F720068C1B7 /* Main.storyboard in Resources */ = {isa = PBXBuildFile; fileRef = 190AB2DB255B5F710068C1B7 /* Main.storyboard */; };
		19570A06255B325A00FF88D2 /* AppDelegate.m in Sources */ = {isa = PBXBuildFile; fileRef = 19570A05255B325A00FF88D2 /* AppDelegate.m */; };
		19570A0C255B325A00FF88D2 /* ViewController.m in Sources */ = {isa = PBXBuildFile; fileRef = 19570A0B255B325A00FF88D2 /* ViewController.m */; };
		19570A11255B325D00FF88D2 /* Assets.xcassets in Resources */ = {isa = PBXBuildFile; fileRef = 19570A10255B325D00FF88D2 /* Assets.xcassets */; };
		19570A17255B325D00FF88D2 /* main.m in Sources */ = {isa = PBXBuildFile; fileRef = 19570A16255B325D00FF88D2 /* main.m */; };
		19F845852AAA0F64001A628E /* SenselySDK in Frameworks */ = {isa = PBXBuildFile; productRef = 19F845842AAA0F64001A628E /* SenselySDK */; };
/* End PBXBuildFile section */

/* Begin PBXFileReference section */
		190AB2DA255B5F710068C1B7 /* Base */ = {isa = PBXFileReference; lastKnownFileType = file.storyboard; name = Base; path = Base.lproj/LaunchScreen.storyboard; sourceTree = "<group>"; };
		190AB2DC255B5F710068C1B7 /* Base */ = {isa = PBXFileReference; lastKnownFileType = file.storyboard; name = Base; path = Base.lproj/Main.storyboard; sourceTree = "<group>"; };
		19570A01255B325A00FF88D2 /* ObjCSample.app */ = {isa = PBXFileReference; explicitFileType = wrapper.application; includeInIndex = 0; path = ObjCSample.app; sourceTree = BUILT_PRODUCTS_DIR; };
		19570A04255B325A00FF88D2 /* AppDelegate.h */ = {isa = PBXFileReference; lastKnownFileType = sourcecode.c.h; path = AppDelegate.h; sourceTree = "<group>"; };
		19570A05255B325A00FF88D2 /* AppDelegate.m */ = {isa = PBXFileReference; lastKnownFileType = sourcecode.c.objc; path = AppDelegate.m; sourceTree = "<group>"; };
		19570A0A255B325A00FF88D2 /* ViewController.h */ = {isa = PBXFileReference; lastKnownFileType = sourcecode.c.h; path = ViewController.h; sourceTree = "<group>"; };
		19570A0B255B325A00FF88D2 /* ViewController.m */ = {isa = PBXFileReference; lastKnownFileType = sourcecode.c.objc; path = ViewController.m; sourceTree = "<group>"; };
		19570A10255B325D00FF88D2 /* Assets.xcassets */ = {isa = PBXFileReference; lastKnownFileType = folder.assetcatalog; path = Assets.xcassets; sourceTree = "<group>"; };
		19570A15255B325D00FF88D2 /* Info.plist */ = {isa = PBXFileReference; lastKnownFileType = text.plist.xml; path = Info.plist; sourceTree = "<group>"; };
		19570A16255B325D00FF88D2 /* main.m */ = {isa = PBXFileReference; lastKnownFileType = sourcecode.c.objc; path = main.m; sourceTree = "<group>"; };
/* End PBXFileReference section */

/* Begin PBXFrameworksBuildPhase section */
		195709FE255B325A00FF88D2 /* Frameworks */ = {
			isa = PBXFrameworksBuildPhase;
			buildActionMask = 2147483647;
			files = (
				19F845852AAA0F64001A628E /* SenselySDK in Frameworks */,
			);
			runOnlyForDeploymentPostprocessing = 0;
		};
/* End PBXFrameworksBuildPhase section */

/* Begin PBXGroup section */
		195709F8255B325A00FF88D2 = {
			isa = PBXGroup;
			children = (
				19570A03255B325A00FF88D2 /* ObjCSample */,
				19570A02255B325A00FF88D2 /* Products */,
				C7C8387399B210009D708F8D /* Frameworks */,
			);
			sourceTree = "<group>";
		};
		19570A02255B325A00FF88D2 /* Products */ = {
			isa = PBXGroup;
			children = (
				19570A01255B325A00FF88D2 /* ObjCSample.app */,
			);
			name = Products;
			sourceTree = "<group>";
		};
		19570A03255B325A00FF88D2 /* ObjCSample */ = {
			isa = PBXGroup;
			children = (
				190AB2D9255B5F710068C1B7 /* LaunchScreen.storyboard */,
				190AB2DB255B5F710068C1B7 /* Main.storyboard */,
				19570A04255B325A00FF88D2 /* AppDelegate.h */,
				19570A05255B325A00FF88D2 /* AppDelegate.m */,
				19570A0A255B325A00FF88D2 /* ViewController.h */,
				19570A0B255B325A00FF88D2 /* ViewController.m */,
				19570A10255B325D00FF88D2 /* Assets.xcassets */,
				19570A15255B325D00FF88D2 /* Info.plist */,
				19570A16255B325D00FF88D2 /* main.m */,
			);
			path = ObjCSample;
			sourceTree = "<group>";
		};
		C7C8387399B210009D708F8D /* Frameworks */ = {
			isa = PBXGroup;
			children = (
			);
			name = Frameworks;
			sourceTree = "<group>";
		};
/* End PBXGroup section */

/* Begin PBXNativeTarget section */
		19570A00255B325A00FF88D2 /* ObjCSample */ = {
			isa = PBXNativeTarget;
			buildConfigurationList = 19570A1A255B325D00FF88D2 /* Build configuration list for PBXNativeTarget "ObjCSample" */;
			buildPhases = (
				195709FD255B325A00FF88D2 /* Sources */,
				195709FE255B325A00FF88D2 /* Frameworks */,
				195709FF255B325A00FF88D2 /* Resources */,
			);
			buildRules = (
			);
			dependencies = (
			);
			name = ObjCSample;
			packageProductDependencies = (
				19F845842AAA0F64001A628E /* SenselySDK */,
			);
			productName = ObjCSample;
			productReference = 19570A01255B325A00FF88D2 /* ObjCSample.app */;
			productType = "com.apple.product-type.application";
		};
/* End PBXNativeTarget section */

/* Begin PBXProject section */
		195709F9255B325A00FF88D2 /* Project object */ = {
			isa = PBXProject;
			attributes = {
				LastUpgradeCheck = 1210;
				TargetAttributes = {
					19570A00255B325A00FF88D2 = {
						CreatedOnToolsVersion = 12.1;
					};
				};
			};
			buildConfigurationList = 195709FC255B325A00FF88D2 /* Build configuration list for PBXProject "ObjCSample" */;
			compatibilityVersion = "Xcode 9.3";
			developmentRegion = en;
			hasScannedForEncodings = 0;
			knownRegions = (
				en,
				Base,
			);
			mainGroup = 195709F8255B325A00FF88D2;
			packageReferences = (
				19F845832AAA0F64001A628E /* XCRemoteSwiftPackageReference "SenselySDK-iOS" */,
			);
			productRefGroup = 19570A02255B325A00FF88D2 /* Products */;
			projectDirPath = "";
			projectRoot = "";
			targets = (
				19570A00255B325A00FF88D2 /* ObjCSample */,
			);
		};
/* End PBXProject section */

/* Begin PBXResourcesBuildPhase section */
		195709FF255B325A00FF88D2 /* Resources */ = {
			isa = PBXResourcesBuildPhase;
			buildActionMask = 2147483647;
			files = (
				190AB2DE255B5F720068C1B7 /* Main.storyboard in Resources */,
				19570A11255B325D00FF88D2 /* Assets.xcassets in Resources */,
				190AB2DD255B5F720068C1B7 /* LaunchScreen.storyboard in Resources */,
			);
			runOnlyForDeploymentPostprocessing = 0;
		};
/* End PBXResourcesBuildPhase section */

/* Begin PBXSourcesBuildPhase section */
		195709FD255B325A00FF88D2 /* Sources */ = {
			isa = PBXSourcesBuildPhase;
			buildActionMask = 2147483647;
			files = (
				19570A0C255B325A00FF88D2 /* ViewController.m in Sources */,
				19570A06255B325A00FF88D2 /* AppDelegate.m in Sources */,
				19570A17255B325D00FF88D2 /* main.m in Sources */,
			);
			runOnlyForDeploymentPostprocessing = 0;
		};
/* End PBXSourcesBuildPhase section */

/* Begin PBXVariantGroup section */
		190AB2D9255B5F710068C1B7 /* LaunchScreen.storyboard */ = {
			isa = PBXVariantGroup;
			children = (
				190AB2DA255B5F710068C1B7 /* Base */,
			);
			name = LaunchScreen.storyboard;
			sourceTree = "<group>";
		};
		190AB2DB255B5F710068C1B7 /* Main.storyboard */ = {
			isa = PBXVariantGroup;
			children = (
				190AB2DC255B5F710068C1B7 /* Base */,
			);
			name = Main.storyboard;
			sourceTree = "<group>";
		};
/* End PBXVariantGroup section */

/* Begin XCBuildConfiguration section */
		19570A18255B325D00FF88D2 /* Debug */ = {
			isa = XCBuildConfiguration;
			buildSettings = {
				ALWAYS_SEARCH_USER_PATHS = NO;
				CLANG_ANALYZER_NONNULL = YES;
				CLANG_ANALYZER_NUMBER_OBJECT_CONVERSION = YES_AGGRESSIVE;
				CLANG_CXX_LANGUAGE_STANDARD = "gnu++14";
				CLANG_CXX_LIBRARY = "libc++";
				CLANG_ENABLE_MODULES = YES;
				CLANG_ENABLE_OBJC_ARC = YES;
				CLANG_ENABLE_OBJC_WEAK = YES;
				CLANG_WARN_BLOCK_CAPTURE_AUTORELEASING = YES;
				CLANG_WARN_BOOL_CONVERSION = YES;
				CLANG_WARN_COMMA = YES;
				CLANG_WARN_CONSTANT_CONVERSION = YES;
				CLANG_WARN_DEPRECATED_OBJC_IMPLEMENTATIONS = YES;
				CLANG_WARN_DIRECT_OBJC_ISA_USAGE = YES_ERROR;
				CLANG_WARN_DOCUMENTATION_COMMENTS = YES;
				CLANG_WARN_EMPTY_BODY = YES;
				CLANG_WARN_ENUM_CONVERSION = YES;
				CLANG_WARN_INFINITE_RECURSION = YES;
				CLANG_WARN_INT_CONVERSION = YES;
				CLANG_WARN_NON_LITERAL_NULL_CONVERSION = YES;
				CLANG_WARN_OBJC_IMPLICIT_RETAIN_SELF = YES;
				CLANG_WARN_OBJC_LITERAL_CONVERSION = YES;
				CLANG_WARN_OBJC_ROOT_CLASS = YES_ERROR;
				CLANG_WARN_QUOTED_INCLUDE_IN_FRAMEWORK_HEADER = YES;
				CLANG_WARN_RANGE_LOOP_ANALYSIS = YES;
				CLANG_WARN_STRICT_PROTOTYPES = YES;
				CLANG_WARN_SUSPICIOUS_MOVE = YES;
				CLANG_WARN_UNGUARDED_AVAILABILITY = YES_AGGRESSIVE;
				CLANG_WARN_UNREACHABLE_CODE = YES;
				CLANG_WARN__DUPLICATE_METHOD_MATCH = YES;
				COPY_PHASE_STRIP = NO;
				DEBUG_INFORMATION_FORMAT = dwarf;
				ENABLE_STRICT_OBJC_MSGSEND = YES;
				ENABLE_TESTABILITY = YES;
				GCC_C_LANGUAGE_STANDARD = gnu11;
				GCC_DYNAMIC_NO_PIC = NO;
				GCC_NO_COMMON_BLOCKS = YES;
				GCC_OPTIMIZATION_LEVEL = 0;
				GCC_PREPROCESSOR_DEFINITIONS = (
					"DEBUG=1",
					"$(inherited)",
				);
				GCC_WARN_64_TO_32_BIT_CONVERSION = YES;
				GCC_WARN_ABOUT_RETURN_TYPE = YES_ERROR;
				GCC_WARN_UNDECLARED_SELECTOR = YES;
				GCC_WARN_UNINITIALIZED_AUTOS = YES_AGGRESSIVE;
				GCC_WARN_UNUSED_FUNCTION = YES;
				GCC_WARN_UNUSED_VARIABLE = YES;
				IPHONEOS_DEPLOYMENT_TARGET = 14.1;
				MTL_ENABLE_DEBUG_INFO = INCLUDE_SOURCE;
				MTL_FAST_MATH = YES;
				ONLY_ACTIVE_ARCH = YES;
				SDKROOT = iphoneos;
			};
			name = Debug;
		};
		19570A19255B325D00FF88D2 /* Release */ = {
			isa = XCBuildConfiguration;
			buildSettings = {
				ALWAYS_SEARCH_USER_PATHS = NO;
				CLANG_ANALYZER_NONNULL = YES;
				CLANG_ANALYZER_NUMBER_OBJECT_CONVERSION = YES_AGGRESSIVE;
				CLANG_CXX_LANGUAGE_STANDARD = "gnu++14";
				CLANG_CXX_LIBRARY = "libc++";
				CLANG_ENABLE_MODULES = YES;
				CLANG_ENABLE_OBJC_ARC = YES;
				CLANG_ENABLE_OBJC_WEAK = YES;
				CLANG_WARN_BLOCK_CAPTURE_AUTORELEASING = YES;
				CLANG_WARN_BOOL_CONVERSION = YES;
				CLANG_WARN_COMMA = YES;
				CLANG_WARN_CONSTANT_CONVERSION = YES;
				CLANG_WARN_DEPRECATED_OBJC_IMPLEMENTATIONS = YES;
				CLANG_WARN_DIRECT_OBJC_ISA_USAGE = YES_ERROR;
				CLANG_WARN_DOCUMENTATION_COMMENTS = YES;
				CLANG_WARN_EMPTY_BODY = YES;
				CLANG_WARN_ENUM_CONVERSION = YES;
				CLANG_WARN_INFINITE_RECURSION = YES;
				CLANG_WARN_INT_CONVERSION = YES;
				CLANG_WARN_NON_LITERAL_NULL_CONVERSION = YES;
				CLANG_WARN_OBJC_IMPLICIT_RETAIN_SELF = YES;
				CLANG_WARN_OBJC_LITERAL_CONVERSION = YES;
				CLANG_WARN_OBJC_ROOT_CLASS = YES_ERROR;
				CLANG_WARN_QUOTED_INCLUDE_IN_FRAMEWORK_HEADER = YES;
				CLANG_WARN_RANGE_LOOP_ANALYSIS = YES;
				CLANG_WARN_STRICT_PROTOTYPES = YES;
				CLANG_WARN_SUSPICIOUS_MOVE = YES;
				CLANG_WARN_UNGUARDED_AVAILABILITY = YES_AGGRESSIVE;
				CLANG_WARN_UNREACHABLE_CODE = YES;
				CLANG_WARN__DUPLICATE_METHOD_MATCH = YES;
				COPY_PHASE_STRIP = NO;
				DEBUG_INFORMATION_FORMAT = "dwarf-with-dsym";
				ENABLE_NS_ASSERTIONS = NO;
				ENABLE_STRICT_OBJC_MSGSEND = YES;
				GCC_C_LANGUAGE_STANDARD = gnu11;
				GCC_NO_COMMON_BLOCKS = YES;
				GCC_WARN_64_TO_32_BIT_CONVERSION = YES;
				GCC_WARN_ABOUT_RETURN_TYPE = YES_ERROR;
				GCC_WARN_UNDECLARED_SELECTOR = YES;
				GCC_WARN_UNINITIALIZED_AUTOS = YES_AGGRESSIVE;
				GCC_WARN_UNUSED_FUNCTION = YES;
				GCC_WARN_UNUSED_VARIABLE = YES;
				IPHONEOS_DEPLOYMENT_TARGET = 14.1;
				MTL_ENABLE_DEBUG_INFO = NO;
				MTL_FAST_MATH = YES;
				SDKROOT = iphoneos;
				VALIDATE_PRODUCT = YES;
			};
			name = Release;
		};
		19570A1B255B325D00FF88D2 /* Debug */ = {
			isa = XCBuildConfiguration;
			buildSettings = {
				ASSETCATALOG_COMPILER_APPICON_NAME = AppIcon;
				ASSETCATALOG_COMPILER_GLOBAL_ACCENT_COLOR_NAME = AccentColor;
				CODE_SIGN_IDENTITY = "Apple Development";
				CODE_SIGN_STYLE = Automatic;
				CURRENT_PROJECT_VERSION = 1;
				DEVELOPMENT_TEAM = RXE7329A59;
				ENABLE_BITCODE = NO;
				INFOPLIST_FILE = ObjCSample/Info.plist;
				INFOPLIST_KEY_CFBundleDisplayName = "SenselySDKSample-ObjC";
				IPHONEOS_DEPLOYMENT_TARGET = 13.0;
				LD_RUNPATH_SEARCH_PATHS = (
					"$(inherited)",
					"@executable_path/Frameworks",
				);
				MARKETING_VERSION = 3.14.2;
				OTHER_LDFLAGS = "-ObjC";
				PRODUCT_BUNDLE_IDENTIFIER = sensely.SenselySDKTest;
				PRODUCT_NAME = "$(TARGET_NAME)";
				PROVISIONING_PROFILE_SPECIFIER = "";
				TARGETED_DEVICE_FAMILY = "1,2";
			};
			name = Debug;
		};
		19570A1C255B325D00FF88D2 /* Release */ = {
			isa = XCBuildConfiguration;
			buildSettings = {
				ASSETCATALOG_COMPILER_APPICON_NAME = AppIcon;
				ASSETCATALOG_COMPILER_GLOBAL_ACCENT_COLOR_NAME = AccentColor;
				"CODE_SIGN_IDENTITY[sdk=iphoneos*]" = "iPhone Distribution";
				CODE_SIGN_STYLE = Manual;
				CURRENT_PROJECT_VERSION = 1;
				DEVELOPMENT_TEAM = "";
				"DEVELOPMENT_TEAM[sdk=iphoneos*]" = RXE7329A59;
				ENABLE_BITCODE = NO;
				INFOPLIST_FILE = ObjCSample/Info.plist;
				INFOPLIST_KEY_CFBundleDisplayName = "SenselySDKSample-ObjC";
				IPHONEOS_DEPLOYMENT_TARGET = 13.0;
				LD_RUNPATH_SEARCH_PATHS = (
					"$(inherited)",
					"@executable_path/Frameworks",
				);
				MARKETING_VERSION = 3.14.2;
				OTHER_LDFLAGS = "-ObjC";
				PRODUCT_BUNDLE_IDENTIFIER = sensely.SenselySDKTest;
				PRODUCT_NAME = "$(TARGET_NAME)";
				PROVISIONING_PROFILE_SPECIFIER = "";
				"PROVISIONING_PROFILE_SPECIFIER[sdk=iphoneos*]" = "match AppStore sensely.SenselySDKTest";
				TARGETED_DEVICE_FAMILY = "1,2";
			};
			name = Release;
		};
/* End XCBuildConfiguration section */

/* Begin XCConfigurationList section */
		195709FC255B325A00FF88D2 /* Build configuration list for PBXProject "ObjCSample" */ = {
			isa = XCConfigurationList;
			buildConfigurations = (
				19570A18255B325D00FF88D2 /* Debug */,
				19570A19255B325D00FF88D2 /* Release */,
			);
			defaultConfigurationIsVisible = 0;
			defaultConfigurationName = Release;
		};
		19570A1A255B325D00FF88D2 /* Build configuration list for PBXNativeTarget "ObjCSample" */ = {
			isa = XCConfigurationList;
			buildConfigurations = (
				19570A1B255B325D00FF88D2 /* Debug */,
				19570A1C255B325D00FF88D2 /* Release */,
			);
			defaultConfigurationIsVisible = 0;
			defaultConfigurationName = Release;
		};
/* End XCConfigurationList section */

/* Begin XCRemoteSwiftPackageReference section */
		19F845832AAA0F64001A628E /* XCRemoteSwiftPackageReference "SenselySDK-iOS" */ = {
			isa = XCRemoteSwiftPackageReference;
			repositoryURL = "https://github.com/Sensely/SenselySDK-iOS.git";
			requirement = {
				branch = master;
				kind = branch;
			};
		};
/* End XCRemoteSwiftPackageReference section */

/* Begin XCSwiftPackageProductDependency section */
		19F845842AAA0F64001A628E /* SenselySDK */ = {
			isa = XCSwiftPackageProductDependency;
			package = 19F845832AAA0F64001A628E /* XCRemoteSwiftPackageReference "SenselySDK-iOS" */;
			productName = SenselySDK;
		};
/* End XCSwiftPackageProductDependency section */
	};
	rootObject = 195709F9255B325A00FF88D2 /* Project object */;
}
