// !$*UTF8*$!
{
	archiveVersion = 1;
	classes = {
	};
	objectVersion = 53;
	objects = {

/* Begin PBXBuildFile section */
		19128A17255C2B8D00A49D8E /* AppDelegate.swift in Sources */ = {isa = PBXBuildFile; fileRef = 19128A16255C2B8D00A49D8E /* AppDelegate.swift */; };
		19128A1B255C2B8D00A49D8E /* ViewController.swift in Sources */ = {isa = PBXBuildFile; fileRef = 19128A1A255C2B8D00A49D8E /* ViewController.swift */; };
		19128A1E255C2B8D00A49D8E /* Main.storyboard in Resources */ = {isa = PBXBuildFile; fileRef = 19128A1C255C2B8D00A49D8E /* Main.storyboard */; };
		19128A20255C2B9100A49D8E /* Assets.xcassets in Resources */ = {isa = PBXBuildFile; fileRef = 19128A1F255C2B9100A49D8E /* Assets.xcassets */; };
		19128A23255C2B9100A49D8E /* LaunchScreen.storyboard in Resources */ = {isa = PBXBuildFile; fileRef = 19128A21255C2B9100A49D8E /* LaunchScreen.storyboard */; };
		19C2C8292AAB398200D3B6B6 /* SwiftSampleTests.swift in Sources */ = {isa = PBXBuildFile; fileRef = 19C2C8282AAB398200D3B6B6 /* SwiftSampleTests.swift */; };
		19F845882AAA0F91001A628E /* SenselySDK in Frameworks */ = {isa = PBXBuildFile; productRef = 19F845872AAA0F91001A628E /* SenselySDK */; };
/* End PBXBuildFile section */

/* Begin PBXContainerItemProxy section */
		19C2C82A2AAB398200D3B6B6 /* PBXContainerItemProxy */ = {
			isa = PBXContainerItemProxy;
			containerPortal = 19128A0B255C2B8D00A49D8E /* Project object */;
			proxyType = 1;
			remoteGlobalIDString = 19128A12255C2B8D00A49D8E;
			remoteInfo = SwiftSample;
		};
/* End PBXContainerItemProxy section */

/* Begin PBXFileReference section */
		19128A13255C2B8D00A49D8E /* SwiftSample.app */ = {isa = PBXFileReference; explicitFileType = wrapper.application; includeInIndex = 0; path = SwiftSample.app; sourceTree = BUILT_PRODUCTS_DIR; };
		19128A16255C2B8D00A49D8E /* AppDelegate.swift */ = {isa = PBXFileReference; lastKnownFileType = sourcecode.swift; path = AppDelegate.swift; sourceTree = "<group>"; };
		19128A1A255C2B8D00A49D8E /* ViewController.swift */ = {isa = PBXFileReference; lastKnownFileType = sourcecode.swift; path = ViewController.swift; sourceTree = "<group>"; };
		19128A1D255C2B8D00A49D8E /* Base */ = {isa = PBXFileReference; lastKnownFileType = file.storyboard; name = Base; path = Base.lproj/Main.storyboard; sourceTree = "<group>"; };
		19128A1F255C2B9100A49D8E /* Assets.xcassets */ = {isa = PBXFileReference; lastKnownFileType = folder.assetcatalog; path = Assets.xcassets; sourceTree = "<group>"; };
		19128A22255C2B9100A49D8E /* Base */ = {isa = PBXFileReference; lastKnownFileType = file.storyboard; name = Base; path = Base.lproj/LaunchScreen.storyboard; sourceTree = "<group>"; };
		19128A24255C2B9100A49D8E /* Info.plist */ = {isa = PBXFileReference; lastKnownFileType = text.plist.xml; path = Info.plist; sourceTree = "<group>"; };
		19C2C8262AAB398200D3B6B6 /* SwiftSampleTests.xctest */ = {isa = PBXFileReference; explicitFileType = wrapper.cfbundle; includeInIndex = 0; path = SwiftSampleTests.xctest; sourceTree = BUILT_PRODUCTS_DIR; };
		19C2C8282AAB398200D3B6B6 /* SwiftSampleTests.swift */ = {isa = PBXFileReference; lastKnownFileType = sourcecode.swift; path = SwiftSampleTests.swift; sourceTree = "<group>"; };
/* End PBXFileReference section */

/* Begin PBXFrameworksBuildPhase section */
		19128A10255C2B8D00A49D8E /* Frameworks */ = {
			isa = PBXFrameworksBuildPhase;
			buildActionMask = 2147483647;
			files = (
				19F845882AAA0F91001A628E /* SenselySDK in Frameworks */,
			);
			runOnlyForDeploymentPostprocessing = 0;
		};
		19C2C8232AAB398200D3B6B6 /* Frameworks */ = {
			isa = PBXFrameworksBuildPhase;
			buildActionMask = 2147483647;
			files = (
			);
			runOnlyForDeploymentPostprocessing = 0;
		};
/* End PBXFrameworksBuildPhase section */

/* Begin PBXGroup section */
		19128A0A255C2B8D00A49D8E = {
			isa = PBXGroup;
			children = (
				19128A15255C2B8D00A49D8E /* SwiftSample */,
				19C2C8272AAB398200D3B6B6 /* SwiftSampleTests */,
				19128A14255C2B8D00A49D8E /* Products */,
				631102139C362E39FED356A6 /* Frameworks */,
			);
			sourceTree = "<group>";
		};
		19128A14255C2B8D00A49D8E /* Products */ = {
			isa = PBXGroup;
			children = (
				19128A13255C2B8D00A49D8E /* SwiftSample.app */,
				19C2C8262AAB398200D3B6B6 /* SwiftSampleTests.xctest */,
			);
			name = Products;
			sourceTree = "<group>";
		};
		19128A15255C2B8D00A49D8E /* SwiftSample */ = {
			isa = PBXGroup;
			children = (
				19128A16255C2B8D00A49D8E /* AppDelegate.swift */,
				19128A1A255C2B8D00A49D8E /* ViewController.swift */,
				19128A1C255C2B8D00A49D8E /* Main.storyboard */,
				19128A1F255C2B9100A49D8E /* Assets.xcassets */,
				19128A21255C2B9100A49D8E /* LaunchScreen.storyboard */,
				19128A24255C2B9100A49D8E /* Info.plist */,
			);
			path = SwiftSample;
			sourceTree = "<group>";
		};
		19C2C8272AAB398200D3B6B6 /* SwiftSampleTests */ = {
			isa = PBXGroup;
			children = (
				19C2C8282AAB398200D3B6B6 /* SwiftSampleTests.swift */,
			);
			path = SwiftSampleTests;
			sourceTree = "<group>";
		};
		631102139C362E39FED356A6 /* Frameworks */ = {
			isa = PBXGroup;
			children = (
			);
			name = Frameworks;
			sourceTree = "<group>";
		};
/* End PBXGroup section */

/* Begin PBXNativeTarget section */
		19128A12255C2B8D00A49D8E /* SwiftSample */ = {
			isa = PBXNativeTarget;
			buildConfigurationList = 19128A27255C2B9100A49D8E /* Build configuration list for PBXNativeTarget "SwiftSample" */;
			buildPhases = (
				19128A0F255C2B8D00A49D8E /* Sources */,
				19128A10255C2B8D00A49D8E /* Frameworks */,
				19128A11255C2B8D00A49D8E /* Resources */,
			);
			buildRules = (
			);
			dependencies = (
			);
			name = SwiftSample;
			packageProductDependencies = (
				19F845872AAA0F91001A628E /* SenselySDK */,
			);
			productName = SwiftSample;
			productReference = 19128A13255C2B8D00A49D8E /* SwiftSample.app */;
			productType = "com.apple.product-type.application";
		};
		19C2C8252AAB398200D3B6B6 /* SwiftSampleTests */ = {
			isa = PBXNativeTarget;
			buildConfigurationList = 19C2C82E2AAB398200D3B6B6 /* Build configuration list for PBXNativeTarget "SwiftSampleTests" */;
			buildPhases = (
				19C2C8222AAB398200D3B6B6 /* Sources */,
				19C2C8232AAB398200D3B6B6 /* Frameworks */,
				19C2C8242AAB398200D3B6B6 /* Resources */,
			);
			buildRules = (
			);
			dependencies = (
				19C2C82B2AAB398200D3B6B6 /* PBXTargetDependency */,
			);
			name = SwiftSampleTests;
			productName = SwiftSampleTests;
			productReference = 19C2C8262AAB398200D3B6B6 /* SwiftSampleTests.xctest */;
			productType = "com.apple.product-type.bundle.unit-test";
		};
/* End PBXNativeTarget section */

/* Begin PBXProject section */
		19128A0B255C2B8D00A49D8E /* Project object */ = {
			isa = PBXProject;
			attributes = {
				BuildIndependentTargetsInParallel = YES;
				LastSwiftUpdateCheck = 1430;
				LastUpgradeCheck = 1430;
				TargetAttributes = {
					19128A12255C2B8D00A49D8E = {
						CreatedOnToolsVersion = 12.1;
					};
					19C2C8252AAB398200D3B6B6 = {
						CreatedOnToolsVersion = 14.3.1;
						TestTargetID = 19128A12255C2B8D00A49D8E;
					};
				};
			};
			buildConfigurationList = 19128A0E255C2B8D00A49D8E /* Build configuration list for PBXProject "SwiftSample" */;
			compatibilityVersion = "Xcode 9.3";
			developmentRegion = en;
			hasScannedForEncodings = 0;
			knownRegions = (
				en,
				Base,
			);
			mainGroup = 19128A0A255C2B8D00A49D8E;
			packageReferences = (
				19F845862AAA0F91001A628E /* XCRemoteSwiftPackageReference "SenselySDK-iOS" */,
			);
			productRefGroup = 19128A14255C2B8D00A49D8E /* Products */;
			projectDirPath = "";
			projectRoot = "";
			targets = (
				19128A12255C2B8D00A49D8E /* SwiftSample */,
				19C2C8252AAB398200D3B6B6 /* SwiftSampleTests */,
			);
		};
/* End PBXProject section */

/* Begin PBXResourcesBuildPhase section */
		19128A11255C2B8D00A49D8E /* Resources */ = {
			isa = PBXResourcesBuildPhase;
			buildActionMask = 2147483647;
			files = (
				19128A23255C2B9100A49D8E /* LaunchScreen.storyboard in Resources */,
				19128A20255C2B9100A49D8E /* Assets.xcassets in Resources */,
				19128A1E255C2B8D00A49D8E /* Main.storyboard in Resources */,
			);
			runOnlyForDeploymentPostprocessing = 0;
		};
		19C2C8242AAB398200D3B6B6 /* Resources */ = {
			isa = PBXResourcesBuildPhase;
			buildActionMask = 2147483647;
			files = (
			);
			runOnlyForDeploymentPostprocessing = 0;
		};
/* End PBXResourcesBuildPhase section */

/* Begin PBXSourcesBuildPhase section */
		19128A0F255C2B8D00A49D8E /* Sources */ = {
			isa = PBXSourcesBuildPhase;
			buildActionMask = 2147483647;
			files = (
				19128A1B255C2B8D00A49D8E /* ViewController.swift in Sources */,
				19128A17255C2B8D00A49D8E /* AppDelegate.swift in Sources */,
			);
			runOnlyForDeploymentPostprocessing = 0;
		};
		19C2C8222AAB398200D3B6B6 /* Sources */ = {
			isa = PBXSourcesBuildPhase;
			buildActionMask = 2147483647;
			files = (
				19C2C8292AAB398200D3B6B6 /* SwiftSampleTests.swift in Sources */,
			);
			runOnlyForDeploymentPostprocessing = 0;
		};
/* End PBXSourcesBuildPhase section */

/* Begin PBXTargetDependency section */
		19C2C82B2AAB398200D3B6B6 /* PBXTargetDependency */ = {
			isa = PBXTargetDependency;
			target = 19128A12255C2B8D00A49D8E /* SwiftSample */;
			targetProxy = 19C2C82A2AAB398200D3B6B6 /* PBXContainerItemProxy */;
		};
/* End PBXTargetDependency section */

/* Begin PBXVariantGroup section */
		19128A1C255C2B8D00A49D8E /* Main.storyboard */ = {
			isa = PBXVariantGroup;
			children = (
				19128A1D255C2B8D00A49D8E /* Base */,
			);
			name = Main.storyboard;
			sourceTree = "<group>";
		};
		19128A21255C2B9100A49D8E /* LaunchScreen.storyboard */ = {
			isa = PBXVariantGroup;
			children = (
				19128A22255C2B9100A49D8E /* Base */,
			);
			name = LaunchScreen.storyboard;
			sourceTree = "<group>";
		};
/* End PBXVariantGroup section */

/* Begin XCBuildConfiguration section */
		19128A25255C2B9100A49D8E /* Debug */ = {
			isa = XCBuildConfiguration;
			buildSettings = {
				ALWAYS_SEARCH_USER_PATHS = NO;
				CLANG_ANALYZER_NONNULL = YES;
				CLANG_ANALYZER_NUMBER_OBJECT_CONVERSION = YES_AGGRESSIVE;
				CLANG_CXX_LANGUAGE_STANDARD = "gnu++14";
				CLANG_CXX_LIBRARY = "libc++";
				CLANG_ENABLE_MODULES = YES;
				CLANG_ENABLE_OBJC_ARC = YES;
				CLANG_ENABLE_OBJC_WEAK = YES;
				CLANG_WARN_BLOCK_CAPTURE_AUTORELEASING = YES;
				CLANG_WARN_BOOL_CONVERSION = YES;
				CLANG_WARN_COMMA = YES;
				CLANG_WARN_CONSTANT_CONVERSION = YES;
				CLANG_WARN_DEPRECATED_OBJC_IMPLEMENTATIONS = YES;
				CLANG_WARN_DIRECT_OBJC_ISA_USAGE = YES_ERROR;
				CLANG_WARN_DOCUMENTATION_COMMENTS = YES;
				CLANG_WARN_EMPTY_BODY = YES;
				CLANG_WARN_ENUM_CONVERSION = YES;
				CLANG_WARN_INFINITE_RECURSION = YES;
				CLANG_WARN_INT_CONVERSION = YES;
				CLANG_WARN_NON_LITERAL_NULL_CONVERSION = YES;
				CLANG_WARN_OBJC_IMPLICIT_RETAIN_SELF = YES;
				CLANG_WARN_OBJC_LITERAL_CONVERSION = YES;
				CLANG_WARN_OBJC_ROOT_CLASS = YES_ERROR;
				CLANG_WARN_QUOTED_INCLUDE_IN_FRAMEWORK_HEADER = YES;
				CLANG_WARN_RANGE_LOOP_ANALYSIS = YES;
				CLANG_WARN_STRICT_PROTOTYPES = YES;
				CLANG_WARN_SUSPICIOUS_MOVE = YES;
				CLANG_WARN_UNGUARDED_AVAILABILITY = YES_AGGRESSIVE;
				CLANG_WARN_UNREACHABLE_CODE = YES;
				CLANG_WARN__DUPLICATE_METHOD_MATCH = YES;
				COPY_PHASE_STRIP = NO;
				DEBUG_INFORMATION_FORMAT = dwarf;
				ENABLE_STRICT_OBJC_MSGSEND = YES;
				ENABLE_TESTABILITY = YES;
				GCC_C_LANGUAGE_STANDARD = gnu11;
				GCC_DYNAMIC_NO_PIC = NO;
				GCC_NO_COMMON_BLOCKS = YES;
				GCC_OPTIMIZATION_LEVEL = 0;
				GCC_PREPROCESSOR_DEFINITIONS = (
					"DEBUG=1",
					"$(inherited)",
				);
				GCC_WARN_64_TO_32_BIT_CONVERSION = YES;
				GCC_WARN_ABOUT_RETURN_TYPE = YES_ERROR;
				GCC_WARN_UNDECLARED_SELECTOR = YES;
				GCC_WARN_UNINITIALIZED_AUTOS = YES_AGGRESSIVE;
				GCC_WARN_UNUSED_FUNCTION = YES;
				GCC_WARN_UNUSED_VARIABLE = YES;
				IPHONEOS_DEPLOYMENT_TARGET = 14.1;
				MTL_ENABLE_DEBUG_INFO = INCLUDE_SOURCE;
				MTL_FAST_MATH = YES;
				ONLY_ACTIVE_ARCH = YES;
				OTHER_LDFLAGS = "-ObjC";
				SDKROOT = iphoneos;
				SWIFT_ACTIVE_COMPILATION_CONDITIONS = DEBUG;
				SWIFT_OPTIMIZATION_LEVEL = "-Onone";
			};
			name = Debug;
		};
		19128A26255C2B9100A49D8E /* Release */ = {
			isa = XCBuildConfiguration;
			buildSettings = {
				ALWAYS_SEARCH_USER_PATHS = NO;
				CLANG_ANALYZER_NONNULL = YES;
				CLANG_ANALYZER_NUMBER_OBJECT_CONVERSION = YES_AGGRESSIVE;
				CLANG_CXX_LANGUAGE_STANDARD = "gnu++14";
				CLANG_CXX_LIBRARY = "libc++";
				CLANG_ENABLE_MODULES = YES;
				CLANG_ENABLE_OBJC_ARC = YES;
				CLANG_ENABLE_OBJC_WEAK = YES;
				CLANG_WARN_BLOCK_CAPTURE_AUTORELEASING = YES;
				CLANG_WARN_BOOL_CONVERSION = YES;
				CLANG_WARN_COMMA = YES;
				CLANG_WARN_CONSTANT_CONVERSION = YES;
				CLANG_WARN_DEPRECATED_OBJC_IMPLEMENTATIONS = YES;
				CLANG_WARN_DIRECT_OBJC_ISA_USAGE = YES_ERROR;
				CLANG_WARN_DOCUMENTATION_COMMENTS = YES;
				CLANG_WARN_EMPTY_BODY = YES;
				CLANG_WARN_ENUM_CONVERSION = YES;
				CLANG_WARN_INFINITE_RECURSION = YES;
				CLANG_WARN_INT_CONVERSION = YES;
				CLANG_WARN_NON_LITERAL_NULL_CONVERSION = YES;
				CLANG_WARN_OBJC_IMPLICIT_RETAIN_SELF = YES;
				CLANG_WARN_OBJC_LITERAL_CONVERSION = YES;
				CLANG_WARN_OBJC_ROOT_CLASS = YES_ERROR;
				CLANG_WARN_QUOTED_INCLUDE_IN_FRAMEWORK_HEADER = YES;
				CLANG_WARN_RANGE_LOOP_ANALYSIS = YES;
				CLANG_WARN_STRICT_PROTOTYPES = YES;
				CLANG_WARN_SUSPICIOUS_MOVE = YES;
				CLANG_WARN_UNGUARDED_AVAILABILITY = YES_AGGRESSIVE;
				CLANG_WARN_UNREACHABLE_CODE = YES;
				CLANG_WARN__DUPLICATE_METHOD_MATCH = YES;
				COPY_PHASE_STRIP = NO;
				DEBUG_INFORMATION_FORMAT = "dwarf-with-dsym";
				ENABLE_NS_ASSERTIONS = NO;
				ENABLE_STRICT_OBJC_MSGSEND = YES;
				GCC_C_LANGUAGE_STANDARD = gnu11;
				GCC_NO_COMMON_BLOCKS = YES;
				GCC_WARN_64_TO_32_BIT_CONVERSION = YES;
				GCC_WARN_ABOUT_RETURN_TYPE = YES_ERROR;
				GCC_WARN_UNDECLARED_SELECTOR = YES;
				GCC_WARN_UNINITIALIZED_AUTOS = YES_AGGRESSIVE;
				GCC_WARN_UNUSED_FUNCTION = YES;
				GCC_WARN_UNUSED_VARIABLE = YES;
				IPHONEOS_DEPLOYMENT_TARGET = 14.1;
				MTL_ENABLE_DEBUG_INFO = NO;
				MTL_FAST_MATH = YES;
				OTHER_LDFLAGS = "-ObjC";
				SDKROOT = iphoneos;
				SWIFT_COMPILATION_MODE = wholemodule;
				SWIFT_OPTIMIZATION_LEVEL = "-O";
				VALIDATE_PRODUCT = YES;
			};
			name = Release;
		};
		19128A28255C2B9100A49D8E /* Debug */ = {
			isa = XCBuildConfiguration;
			buildSettings = {
				ASSETCATALOG_COMPILER_APPICON_NAME = AppIcon;
				ASSETCATALOG_COMPILER_GLOBAL_ACCENT_COLOR_NAME = AccentColor;
				CODE_SIGN_IDENTITY = "Apple Development";
				"CODE_SIGN_IDENTITY[sdk=iphoneos*]" = "iPhone Developer";
				CODE_SIGN_STYLE = Manual;
				CURRENT_PROJECT_VERSION = 1;
				DEVELOPMENT_TEAM = "";
				"DEVELOPMENT_TEAM[sdk=iphoneos*]" = RXE7329A59;
				ENABLE_BITCODE = NO;
				HEADER_SEARCH_PATHS = "$(inherited)";
				INFOPLIST_FILE = SwiftSample/Info.plist;
				INFOPLIST_KEY_CFBundleDisplayName = "SenselySDK-SwiftSample";
				IPHONEOS_DEPLOYMENT_TARGET = 13.0;
				LD_RUNPATH_SEARCH_PATHS = (
					"$(inherited)",
					"@executable_path/Frameworks",
				);
				MARKETING_VERSION = 3.14.2;
				OTHER_LDFLAGS = "";
				PRODUCT_BUNDLE_IDENTIFIER = sensely.SenselySDKTest;
				PRODUCT_NAME = "$(TARGET_NAME)";
				PROVISIONING_PROFILE_SPECIFIER = "";
				"PROVISIONING_PROFILE_SPECIFIER[sdk=iphoneos*]" = "match Development sensely.SenselySDKTest";
				SWIFT_VERSION = 5.0;
				TARGETED_DEVICE_FAMILY = "1,2";
			};
			name = Debug;
		};
		19128A29255C2B9100A49D8E /* Release */ = {
			isa = XCBuildConfiguration;
			buildSettings = {
				ASSETCATALOG_COMPILER_APPICON_NAME = AppIcon;
				ASSETCATALOG_COMPILER_GLOBAL_ACCENT_COLOR_NAME = AccentColor;
				"CODE_SIGN_IDENTITY[sdk=iphoneos*]" = "iPhone Distribution";
				CODE_SIGN_STYLE = Manual;
				CURRENT_PROJECT_VERSION = 1;
				DEVELOPMENT_TEAM = "";
				"DEVELOPMENT_TEAM[sdk=iphoneos*]" = RXE7329A59;
				ENABLE_BITCODE = NO;
				"EXCLUDED_ARCHS[sdk=iphonesimulator*]" = arm64;
				HEADER_SEARCH_PATHS = "$(inherited)";
				INFOPLIST_FILE = SwiftSample/Info.plist;
				INFOPLIST_KEY_CFBundleDisplayName = "SenselySDK-SwiftSample";
				IPHONEOS_DEPLOYMENT_TARGET = 13.0;
				LD_RUNPATH_SEARCH_PATHS = (
					"$(inherited)",
					"@executable_path/Frameworks",
				);
				MARKETING_VERSION = 3.14.2;
				OTHER_LDFLAGS = "";
				PRODUCT_BUNDLE_IDENTIFIER = sensely.SenselySDKTest;
				PRODUCT_NAME = "$(TARGET_NAME)";
				PROVISIONING_PROFILE_SPECIFIER = "";
				"PROVISIONING_PROFILE_SPECIFIER[sdk=iphoneos*]" = "match AppStore sensely.SenselySDKTest";
				SWIFT_VERSION = 5.0;
				TARGETED_DEVICE_FAMILY = "1,2";
			};
			name = Release;
		};
		19C2C82C2AAB398200D3B6B6 /* Debug */ = {
			isa = XCBuildConfiguration;
			buildSettings = {
				BUNDLE_LOADER = "$(TEST_HOST)";
				CLANG_CXX_LANGUAGE_STANDARD = "gnu++20";
				CODE_SIGN_STYLE = Automatic;
				CURRENT_PROJECT_VERSION = 1;
				GENERATE_INFOPLIST_FILE = YES;
				IPHONEOS_DEPLOYMENT_TARGET = 16.4;
				MARKETING_VERSION = 1.0;
				PRODUCT_BUNDLE_IDENTIFIER = sense.ly.SwiftSampleTests;
				PRODUCT_NAME = "$(TARGET_NAME)";
				SWIFT_EMIT_LOC_STRINGS = NO;
				SWIFT_VERSION = 5.0;
				TARGETED_DEVICE_FAMILY = "1,2";
				TEST_HOST = "$(BUILT_PRODUCTS_DIR)/SwiftSample.app/$(BUNDLE_EXECUTABLE_FOLDER_PATH)/SwiftSample";
			};
			name = Debug;
		};
		19C2C82D2AAB398200D3B6B6 /* Release */ = {
			isa = XCBuildConfiguration;
			buildSettings = {
				BUNDLE_LOADER = "$(TEST_HOST)";
				CLANG_CXX_LANGUAGE_STANDARD = "gnu++20";
				CODE_SIGN_STYLE = Automatic;
				CURRENT_PROJECT_VERSION = 1;
				GENERATE_INFOPLIST_FILE = YES;
				IPHONEOS_DEPLOYMENT_TARGET = 16.4;
				MARKETING_VERSION = 1.0;
				PRODUCT_BUNDLE_IDENTIFIER = sense.ly.SwiftSampleTests;
				PRODUCT_NAME = "$(TARGET_NAME)";
				SWIFT_EMIT_LOC_STRINGS = NO;
				SWIFT_VERSION = 5.0;
				TARGETED_DEVICE_FAMILY = "1,2";
				TEST_HOST = "$(BUILT_PRODUCTS_DIR)/SwiftSample.app/$(BUNDLE_EXECUTABLE_FOLDER_PATH)/SwiftSample";
			};
			name = Release;
		};
/* End XCBuildConfiguration section */

/* Begin XCConfigurationList section */
		19128A0E255C2B8D00A49D8E /* Build configuration list for PBXProject "SwiftSample" */ = {
			isa = XCConfigurationList;
			buildConfigurations = (
				19128A25255C2B9100A49D8E /* Debug */,
				19128A26255C2B9100A49D8E /* Release */,
			);
			defaultConfigurationIsVisible = 0;
			defaultConfigurationName = Release;
		};
		19128A27255C2B9100A49D8E /* Build configuration list for PBXNativeTarget "SwiftSample" */ = {
			isa = XCConfigurationList;
			buildConfigurations = (
				19128A28255C2B9100A49D8E /* Debug */,
				19128A29255C2B9100A49D8E /* Release */,
			);
			defaultConfigurationIsVisible = 0;
			defaultConfigurationName = Release;
		};
		19C2C82E2AAB398200D3B6B6 /* Build configuration list for PBXNativeTarget "SwiftSampleTests" */ = {
			isa = XCConfigurationList;
			buildConfigurations = (
				19C2C82C2AAB398200D3B6B6 /* Debug */,
				19C2C82D2AAB398200D3B6B6 /* Release */,
			);
			defaultConfigurationIsVisible = 0;
			defaultConfigurationName = Release;
		};
/* End XCConfigurationList section */

/* Begin XCRemoteSwiftPackageReference section */
		19F845862AAA0F91001A628E /* XCRemoteSwiftPackageReference "SenselySDK-iOS" */ = {
			isa = XCRemoteSwiftPackageReference;
			repositoryURL = "https://github.com/Sensely/SenselySDK-iOS.git";
			requirement = {
				kind = exactVersion;
				version = 3.14.2;
			};
		};
/* End XCRemoteSwiftPackageReference section */

/* Begin XCSwiftPackageProductDependency section */
		19F845872AAA0F91001A628E /* SenselySDK */ = {
			isa = XCSwiftPackageProductDependency;
			package = 19F845862AAA0F91001A628E /* XCRemoteSwiftPackageReference "SenselySDK-iOS" */;
			productName = SenselySDK;
		};
/* End XCSwiftPackageProductDependency section */
	};
	rootObject = 19128A0B255C2B8D00A49D8E /* Project object */;
}
